
Microsoft Visual Studio Solution File, Format Version 12.00
# Visual Studio Version 16
VisualStudioVersion = 16.0.29123.88
MinimumVisualStudioVersion = 10.0.40219.1
Project("{FAE04EC0-301F-11D3-BF4B-00C04F79EFBC}") = "GoingFabric.Android", "GoingFabric\GoingFabric.Android\GoingFabric.Android.csproj", "{536D30CE-1314-438D-B6DD-EAE4180F19C3}"
EndProject
Project("{FAE04EC0-301F-11D3-BF4B-00C04F79EFBC}") = "GoingFabric.iOS", "GoingFabric\GoingFabric.iOS\GoingFabric.iOS.csproj", "{0F747A0D-EDA3-4594-A47B-047C59256A17}"
EndProject
Project("{FAE04EC0-301F-11D3-BF4B-00C04F79EFBC}") = "GoingFabric", "GoingFabric\GoingFabric\GoingFabric.csproj", "{49CE3085-3EF5-46EB-9C89-9B3971E28697}"
EndProject
Global
	GlobalSection(SolutionConfigurationPlatforms) = preSolution
		Debug|Any CPU = Debug|Any CPU
		Debug|iPhone = Debug|iPhone
		Debug|iPhoneSimulator = Debug|iPhoneSimulator
		Release|Any CPU = Release|Any CPU
		Release|iPhone = Release|iPhone
		Release|iPhoneSimulator = Release|iPhoneSimulator
	EndGlobalSection
	GlobalSection(ProjectConfigurationPlatforms) = postSolution
		{536D30CE-1314-438D-B6DD-EAE4180F19C3}.Debug|Any CPU.ActiveCfg = Debug|Any CPU
		{536D30CE-1314-438D-B6DD-EAE4180F19C3}.Debug|Any CPU.Build.0 = Debug|Any CPU
		{536D30CE-1314-438D-B6DD-EAE4180F19C3}.Debug|Any CPU.Deploy.0 = Debug|Any CPU
		{536D30CE-1314-438D-B6DD-EAE4180F19C3}.Debug|iPhone.ActiveCfg = Debug|Any CPU
		{536D30CE-1314-438D-B6DD-EAE4180F19C3}.Debug|iPhone.Build.0 = Debug|Any CPU
		{536D30CE-1314-438D-B6DD-EAE4180F19C3}.Debug|iPhone.Deploy.0 = Debug|Any CPU
		{536D30CE-1314-438D-B6DD-EAE4180F19C3}.Debug|iPhoneSimulator.ActiveCfg = Debug|Any CPU
		{536D30CE-1314-438D-B6DD-EAE4180F19C3}.Debug|iPhoneSimulator.Build.0 = Debug|Any CPU
		{536D30CE-1314-438D-B6DD-EAE4180F19C3}.Debug|iPhoneSimulator.Deploy.0 = Debug|Any CPU
		{536D30CE-1314-438D-B6DD-EAE4180F19C3}.Release|Any CPU.ActiveCfg = Release|Any CPU
		{536D30CE-1314-438D-B6DD-EAE4180F19C3}.Release|Any CPU.Build.0 = Release|Any CPU
		{536D30CE-1314-438D-B6DD-EAE4180F19C3}.Release|Any CPU.Deploy.0 = Release|Any CPU
		{536D30CE-1314-438D-B6DD-EAE4180F19C3}.Release|iPhone.ActiveCfg = Release|Any CPU
		{536D30CE-1314-438D-B6DD-EAE4180F19C3}.Release|iPhone.Build.0 = Release|Any CPU
		{536D30CE-1314-438D-B6DD-EAE4180F19C3}.Release|iPhone.Deploy.0 = Release|Any CPU
		{536D30CE-1314-438D-B6DD-EAE4180F19C3}.Release|iPhoneSimulator.ActiveCfg = Release|Any CPU
		{536D30CE-1314-438D-B6DD-EAE4180F19C3}.Release|iPhoneSimulator.Build.0 = Release|Any CPU
		{536D30CE-1314-438D-B6DD-EAE4180F19C3}.Release|iPhoneSimulator.Deploy.0 = Release|Any CPU
		{0F747A0D-EDA3-4594-A47B-047C59256A17}.Debug|Any CPU.ActiveCfg = Debug|iPhoneSimulator
		{0F747A0D-EDA3-4594-A47B-047C59256A17}.Debug|Any CPU.Build.0 = Debug|iPhoneSimulator
		{0F747A0D-EDA3-4594-A47B-047C59256A17}.Debug|Any CPU.Deploy.0 = Debug|iPhoneSimulator
		{0F747A0D-EDA3-4594-A47B-047C59256A17}.Debug|iPhone.ActiveCfg = Debug|iPhone
		{0F747A0D-EDA3-4594-A47B-047C59256A17}.Debug|iPhone.Build.0 = Debug|iPhone
		{0F747A0D-EDA3-4594-A47B-047C59256A17}.Debug|iPhone.Deploy.0 = Debug|iPhone
		{0F747A0D-EDA3-4594-A47B-047C59256A17}.Debug|iPhoneSimulator.ActiveCfg = Debug|iPhoneSimulator
		{0F747A0D-EDA3-4594-A47B-047C59256A17}.Debug|iPhoneSimulator.Build.0 = Debug|iPhoneSimulator
		{0F747A0D-EDA3-4594-A47B-047C59256A17}.Debug|iPhoneSimulator.Deploy.0 = Debug|iPhoneSimulator
		{0F747A0D-EDA3-4594-A47B-047C59256A17}.Release|Any CPU.ActiveCfg = Release|iPhone
		{0F747A0D-EDA3-4594-A47B-047C59256A17}.Release|Any CPU.Build.0 = Release|iPhone
		{0F747A0D-EDA3-4594-A47B-047C59256A17}.Release|Any CPU.Deploy.0 = Release|iPhone
		{0F747A0D-EDA3-4594-A47B-047C59256A17}.Release|iPhone.ActiveCfg = Release|iPhone
		{0F747A0D-EDA3-4594-A47B-047C59256A17}.Release|iPhone.Build.0 = Release|iPhone
		{0F747A0D-EDA3-4594-A47B-047C59256A17}.Release|iPhone.Deploy.0 = Release|iPhone
		{0F747A0D-EDA3-4594-A47B-047C59256A17}.Release|iPhoneSimulator.ActiveCfg = Release|iPhoneSimulator
		{0F747A0D-EDA3-4594-A47B-047C59256A17}.Release|iPhoneSimulator.Build.0 = Release|iPhoneSimulator
		{0F747A0D-EDA3-4594-A47B-047C59256A17}.Release|iPhoneSimulator.Deploy.0 = Release|iPhoneSimulator
		{49CE3085-3EF5-46EB-9C89-9B3971E28697}.Debug|Any CPU.ActiveCfg = Debug|Any CPU
		{49CE3085-3EF5-46EB-9C89-9B3971E28697}.Debug|Any CPU.Build.0 = Debug|Any CPU
		{49CE3085-3EF5-46EB-9C89-9B3971E28697}.Debug|Any CPU.Deploy.0 = Debug|Any CPU
		{49CE3085-3EF5-46EB-9C89-9B3971E28697}.Debug|iPhone.ActiveCfg = Debug|Any CPU
		{49CE3085-3EF5-46EB-9C89-9B3971E28697}.Debug|iPhone.Build.0 = Debug|Any CPU
		{49CE3085-3EF5-46EB-9C89-9B3971E28697}.Debug|iPhone.Deploy.0 = Debug|Any CPU
		{49CE3085-3EF5-46EB-9C89-9B3971E28697}.Debug|iPhoneSimulator.ActiveCfg = Debug|Any CPU
		{49CE3085-3EF5-46EB-9C89-9B3971E28697}.Debug|iPhoneSimulator.Build.0 = Debug|Any CPU
		{49CE3085-3EF5-46EB-9C89-9B3971E28697}.Debug|iPhoneSimulator.Deploy.0 = Debug|Any CPU
		{49CE3085-3EF5-46EB-9C89-9B3971E28697}.Release|Any CPU.ActiveCfg = Release|Any CPU
		{49CE3085-3EF5-46EB-9C89-9B3971E28697}.Release|Any CPU.Build.0 = Release|Any CPU
		{49CE3085-3EF5-46EB-9C89-9B3971E28697}.Release|Any CPU.Deploy.0 = Release|Any CPU
		{49CE3085-3EF5-46EB-9C89-9B3971E28697}.Release|iPhone.ActiveCfg = Release|Any CPU
		{49CE3085-3EF5-46EB-9C89-9B3971E28697}.Release|iPhone.Build.0 = Release|Any CPU
		{49CE3085-3EF5-46EB-9C89-9B3971E28697}.Release|iPhone.Deploy.0 = Release|Any CPU
		{49CE3085-3EF5-46EB-9C89-9B3971E28697}.Release|iPhoneSimulator.ActiveCfg = Release|Any CPU
		{49CE3085-3EF5-46EB-9C89-9B3971E28697}.Release|iPhoneSimulator.Build.0 = Release|Any CPU
		{49CE3085-3EF5-46EB-9C89-9B3971E28697}.Release|iPhoneSimulator.Deploy.0 = Release|Any CPU
	EndGlobalSection
	GlobalSection(SolutionProperties) = preSolution
		HideSolutionNode = FALSE
	EndGlobalSection
	GlobalSection(ExtensibilityGlobals) = postSolution
		SolutionGuid = {147CCEA3-1AE2-4732-99E2-C6589D80DD04}
	EndGlobalSection
EndGlobal
